{
  "name": "@coverhound/eslint-config-coverhound",
  "version": "1.4.0",
  "lockfileVersion": 1,
  "requires": true,
  "dependencies": {
    "eslint-plugin-react-hooks": {
      "version": "1.5.0",
      "resolved": "https://registry.npmjs.org/eslint-plugin-react-hooks/-/eslint-plugin-react-hooks-1.5.0.tgz",
      "integrity": "sha512-iwDuWR2ReRgvJsNm8fXPtTKdg78IVQF8I4+am3ntztPf/+nPnWZfArFu6aXpaC75/iCYRrkqI8nPCYkxJstmpA=="
    }
  }
}
